
Microsoft Visual Studio Solution File, Format Version 12.00
# Visual Studio 15
VisualStudioVersion = 15.0.28307.852
MinimumVisualStudioVersion = 10.0.40219.1
Project("{FAE04EC0-301F-11D3-BF4B-00C04F79EFBC}") = "ApiHS.Android", "ApiHS\ApiHS.Android\ApiHS.Android.csproj", "{7BC9A7A1-9464-43D9-9628-FC4434C359BF}"
EndProject
Project("{FAE04EC0-301F-11D3-BF4B-00C04F79EFBC}") = "ApiHS.iOS", "ApiHS\ApiHS.iOS\ApiHS.iOS.csproj", "{0B150C7E-29E2-4E2C-B000-FF5D2BE2A425}"
EndProject
Project("{FAE04EC0-301F-11D3-BF4B-00C04F79EFBC}") = "ApiHS", "ApiHS\ApiHS\ApiHS.csproj", "{F48C879A-B298-418C-A9F2-C21B39FC7069}"
EndProject
Global
	GlobalSection(SolutionConfigurationPlatforms) = preSolution
		Ad-Hoc|Any CPU = Ad-Hoc|Any CPU
		Ad-Hoc|iPhone = Ad-Hoc|iPhone
		Ad-Hoc|iPhoneSimulator = Ad-Hoc|iPhoneSimulator
		AppStore|Any CPU = AppStore|Any CPU
		AppStore|iPhone = AppStore|iPhone
		AppStore|iPhoneSimulator = AppStore|iPhoneSimulator
		Debug|Any CPU = Debug|Any CPU
		Debug|iPhone = Debug|iPhone
		Debug|iPhoneSimulator = Debug|iPhoneSimulator
		Release|Any CPU = Release|Any CPU
		Release|iPhone = Release|iPhone
		Release|iPhoneSimulator = Release|iPhoneSimulator
	EndGlobalSection
	GlobalSection(ProjectConfigurationPlatforms) = postSolution
		{7BC9A7A1-9464-43D9-9628-FC4434C359BF}.Ad-Hoc|Any CPU.ActiveCfg = Release|Any CPU
		{7BC9A7A1-9464-43D9-9628-FC4434C359BF}.Ad-Hoc|Any CPU.Build.0 = Release|Any CPU
		{7BC9A7A1-9464-43D9-9628-FC4434C359BF}.Ad-Hoc|Any CPU.Deploy.0 = Release|Any CPU
		{7BC9A7A1-9464-43D9-9628-FC4434C359BF}.Ad-Hoc|iPhone.ActiveCfg = Release|Any CPU
		{7BC9A7A1-9464-43D9-9628-FC4434C359BF}.Ad-Hoc|iPhone.Build.0 = Release|Any CPU
		{7BC9A7A1-9464-43D9-9628-FC4434C359BF}.Ad-Hoc|iPhone.Deploy.0 = Release|Any CPU
		{7BC9A7A1-9464-43D9-9628-FC4434C359BF}.Ad-Hoc|iPhoneSimulator.ActiveCfg = Release|Any CPU
		{7BC9A7A1-9464-43D9-9628-FC4434C359BF}.Ad-Hoc|iPhoneSimulator.Build.0 = Release|Any CPU
		{7BC9A7A1-9464-43D9-9628-FC4434C359BF}.Ad-Hoc|iPhoneSimulator.Deploy.0 = Release|Any CPU
		{7BC9A7A1-9464-43D9-9628-FC4434C359BF}.AppStore|Any CPU.ActiveCfg = Release|Any CPU
		{7BC9A7A1-9464-43D9-9628-FC4434C359BF}.AppStore|Any CPU.Build.0 = Release|Any CPU
		{7BC9A7A1-9464-43D9-9628-FC4434C359BF}.AppStore|Any CPU.Deploy.0 = Release|Any CPU
		{7BC9A7A1-9464-43D9-9628-FC4434C359BF}.AppStore|iPhone.ActiveCfg = Release|Any CPU
		{7BC9A7A1-9464-43D9-9628-FC4434C359BF}.AppStore|iPhone.Build.0 = Release|Any CPU
		{7BC9A7A1-9464-43D9-9628-FC4434C359BF}.AppStore|iPhone.Deploy.0 = Release|Any CPU
		{7BC9A7A1-9464-43D9-9628-FC4434C359BF}.AppStore|iPhoneSimulator.ActiveCfg = Release|Any CPU
		{7BC9A7A1-9464-43D9-9628-FC4434C359BF}.AppStore|iPhoneSimulator.Build.0 = Release|Any CPU
		{7BC9A7A1-9464-43D9-9628-FC4434C359BF}.AppStore|iPhoneSimulator.Deploy.0 = Release|Any CPU
		{7BC9A7A1-9464-43D9-9628-FC4434C359BF}.Debug|Any CPU.ActiveCfg = Debug|Any CPU
		{7BC9A7A1-9464-43D9-9628-FC4434C359BF}.Debug|Any CPU.Build.0 = Debug|Any CPU
		{7BC9A7A1-9464-43D9-9628-FC4434C359BF}.Debug|Any CPU.Deploy.0 = Debug|Any CPU
		{7BC9A7A1-9464-43D9-9628-FC4434C359BF}.Debug|iPhone.ActiveCfg = Debug|Any CPU
		{7BC9A7A1-9464-43D9-9628-FC4434C359BF}.Debug|iPhone.Build.0 = Debug|Any CPU
		{7BC9A7A1-9464-43D9-9628-FC4434C359BF}.Debug|iPhone.Deploy.0 = Debug|Any CPU
		{7BC9A7A1-9464-43D9-9628-FC4434C359BF}.Debug|iPhoneSimulator.ActiveCfg = Debug|Any CPU
		{7BC9A7A1-9464-43D9-9628-FC4434C359BF}.Debug|iPhoneSimulator.Build.0 = Debug|Any CPU
		{7BC9A7A1-9464-43D9-9628-FC4434C359BF}.Debug|iPhoneSimulator.Deploy.0 = Debug|Any CPU
		{7BC9A7A1-9464-43D9-9628-FC4434C359BF}.Release|Any CPU.ActiveCfg = Release|Any CPU
		{7BC9A7A1-9464-43D9-9628-FC4434C359BF}.Release|Any CPU.Build.0 = Release|Any CPU
		{7BC9A7A1-9464-43D9-9628-FC4434C359BF}.Release|Any CPU.Deploy.0 = Release|Any CPU
		{7BC9A7A1-9464-43D9-9628-FC4434C359BF}.Release|iPhone.ActiveCfg = Release|Any CPU
		{7BC9A7A1-9464-43D9-9628-FC4434C359BF}.Release|iPhone.Build.0 = Release|Any CPU
		{7BC9A7A1-9464-43D9-9628-FC4434C359BF}.Release|iPhone.Deploy.0 = Release|Any CPU
		{7BC9A7A1-9464-43D9-9628-FC4434C359BF}.Release|iPhoneSimulator.ActiveCfg = Release|Any CPU
		{7BC9A7A1-9464-43D9-9628-FC4434C359BF}.Release|iPhoneSimulator.Build.0 = Release|Any CPU
		{7BC9A7A1-9464-43D9-9628-FC4434C359BF}.Release|iPhoneSimulator.Deploy.0 = Release|Any CPU
		{0B150C7E-29E2-4E2C-B000-FF5D2BE2A425}.Ad-Hoc|Any CPU.ActiveCfg = Ad-Hoc|iPhone
		{0B150C7E-29E2-4E2C-B000-FF5D2BE2A425}.Ad-Hoc|Any CPU.Build.0 = Ad-Hoc|iPhone
		{0B150C7E-29E2-4E2C-B000-FF5D2BE2A425}.Ad-Hoc|Any CPU.Deploy.0 = Ad-Hoc|iPhone
		{0B150C7E-29E2-4E2C-B000-FF5D2BE2A425}.Ad-Hoc|iPhone.ActiveCfg = Ad-Hoc|iPhone
		{0B150C7E-29E2-4E2C-B000-FF5D2BE2A425}.Ad-Hoc|iPhone.Build.0 = Ad-Hoc|iPhone
		{0B150C7E-29E2-4E2C-B000-FF5D2BE2A425}.Ad-Hoc|iPhone.Deploy.0 = Ad-Hoc|iPhone
		{0B150C7E-29E2-4E2C-B000-FF5D2BE2A425}.Ad-Hoc|iPhoneSimulator.ActiveCfg = Ad-Hoc|iPhoneSimulator
		{0B150C7E-29E2-4E2C-B000-FF5D2BE2A425}.Ad-Hoc|iPhoneSimulator.Build.0 = Ad-Hoc|iPhoneSimulator
		{0B150C7E-29E2-4E2C-B000-FF5D2BE2A425}.Ad-Hoc|iPhoneSimulator.Deploy.0 = Ad-Hoc|iPhoneSimulator
		{0B150C7E-29E2-4E2C-B000-FF5D2BE2A425}.AppStore|Any CPU.ActiveCfg = AppStore|iPhone
		{0B150C7E-29E2-4E2C-B000-FF5D2BE2A425}.AppStore|Any CPU.Build.0 = AppStore|iPhone
		{0B150C7E-29E2-4E2C-B000-FF5D2BE2A425}.AppStore|Any CPU.Deploy.0 = AppStore|iPhone
		{0B150C7E-29E2-4E2C-B000-FF5D2BE2A425}.AppStore|iPhone.ActiveCfg = AppStore|iPhone
		{0B150C7E-29E2-4E2C-B000-FF5D2BE2A425}.AppStore|iPhone.Build.0 = AppStore|iPhone
		{0B150C7E-29E2-4E2C-B000-FF5D2BE2A425}.AppStore|iPhone.Deploy.0 = AppStore|iPhone
		{0B150C7E-29E2-4E2C-B000-FF5D2BE2A425}.AppStore|iPhoneSimulator.ActiveCfg = AppStore|iPhoneSimulator
		{0B150C7E-29E2-4E2C-B000-FF5D2BE2A425}.AppStore|iPhoneSimulator.Build.0 = AppStore|iPhoneSimulator
		{0B150C7E-29E2-4E2C-B000-FF5D2BE2A425}.AppStore|iPhoneSimulator.Deploy.0 = AppStore|iPhoneSimulator
		{0B150C7E-29E2-4E2C-B000-FF5D2BE2A425}.Debug|Any CPU.ActiveCfg = Debug|iPhoneSimulator
		{0B150C7E-29E2-4E2C-B000-FF5D2BE2A425}.Debug|Any CPU.Build.0 = Debug|iPhoneSimulator
		{0B150C7E-29E2-4E2C-B000-FF5D2BE2A425}.Debug|Any CPU.Deploy.0 = Debug|iPhoneSimulator
		{0B150C7E-29E2-4E2C-B000-FF5D2BE2A425}.Debug|iPhone.ActiveCfg = Debug|iPhone
		{0B150C7E-29E2-4E2C-B000-FF5D2BE2A425}.Debug|iPhone.Build.0 = Debug|iPhone
		{0B150C7E-29E2-4E2C-B000-FF5D2BE2A425}.Debug|iPhone.Deploy.0 = Debug|iPhone
		{0B150C7E-29E2-4E2C-B000-FF5D2BE2A425}.Debug|iPhoneSimulator.ActiveCfg = Debug|iPhoneSimulator
		{0B150C7E-29E2-4E2C-B000-FF5D2BE2A425}.Debug|iPhoneSimulator.Build.0 = Debug|iPhoneSimulator
		{0B150C7E-29E2-4E2C-B000-FF5D2BE2A425}.Debug|iPhoneSimulator.Deploy.0 = Debug|iPhoneSimulator
		{0B150C7E-29E2-4E2C-B000-FF5D2BE2A425}.Release|Any CPU.ActiveCfg = Release|iPhone
		{0B150C7E-29E2-4E2C-B000-FF5D2BE2A425}.Release|Any CPU.Build.0 = Release|iPhone
		{0B150C7E-29E2-4E2C-B000-FF5D2BE2A425}.Release|Any CPU.Deploy.0 = Release|iPhone
		{0B150C7E-29E2-4E2C-B000-FF5D2BE2A425}.Release|iPhone.ActiveCfg = Release|iPhone
		{0B150C7E-29E2-4E2C-B000-FF5D2BE2A425}.Release|iPhone.Build.0 = Release|iPhone
		{0B150C7E-29E2-4E2C-B000-FF5D2BE2A425}.Release|iPhone.Deploy.0 = Release|iPhone
		{0B150C7E-29E2-4E2C-B000-FF5D2BE2A425}.Release|iPhoneSimulator.ActiveCfg = Release|iPhoneSimulator
		{0B150C7E-29E2-4E2C-B000-FF5D2BE2A425}.Release|iPhoneSimulator.Build.0 = Release|iPhoneSimulator
		{0B150C7E-29E2-4E2C-B000-FF5D2BE2A425}.Release|iPhoneSimulator.Deploy.0 = Release|iPhoneSimulator
		{F48C879A-B298-418C-A9F2-C21B39FC7069}.Ad-Hoc|Any CPU.ActiveCfg = Debug|Any CPU
		{F48C879A-B298-418C-A9F2-C21B39FC7069}.Ad-Hoc|Any CPU.Build.0 = Debug|Any CPU
		{F48C879A-B298-418C-A9F2-C21B39FC7069}.Ad-Hoc|Any CPU.Deploy.0 = Debug|Any CPU
		{F48C879A-B298-418C-A9F2-C21B39FC7069}.Ad-Hoc|iPhone.ActiveCfg = Debug|Any CPU
		{F48C879A-B298-418C-A9F2-C21B39FC7069}.Ad-Hoc|iPhone.Build.0 = Debug|Any CPU
		{F48C879A-B298-418C-A9F2-C21B39FC7069}.Ad-Hoc|iPhone.Deploy.0 = Debug|Any CPU
		{F48C879A-B298-418C-A9F2-C21B39FC7069}.Ad-Hoc|iPhoneSimulator.ActiveCfg = Debug|Any CPU
		{F48C879A-B298-418C-A9F2-C21B39FC7069}.Ad-Hoc|iPhoneSimulator.Build.0 = Debug|Any CPU
		{F48C879A-B298-418C-A9F2-C21B39FC7069}.Ad-Hoc|iPhoneSimulator.Deploy.0 = Debug|Any CPU
		{F48C879A-B298-418C-A9F2-C21B39FC7069}.AppStore|Any CPU.ActiveCfg = Debug|Any CPU
		{F48C879A-B298-418C-A9F2-C21B39FC7069}.AppStore|Any CPU.Build.0 = Debug|Any CPU
		{F48C879A-B298-418C-A9F2-C21B39FC7069}.AppStore|Any CPU.Deploy.0 = Debug|Any CPU
		{F48C879A-B298-418C-A9F2-C21B39FC7069}.AppStore|iPhone.ActiveCfg = Debug|Any CPU
		{F48C879A-B298-418C-A9F2-C21B39FC7069}.AppStore|iPhone.Build.0 = Debug|Any CPU
		{F48C879A-B298-418C-A9F2-C21B39FC7069}.AppStore|iPhone.Deploy.0 = Debug|Any CPU
		{F48C879A-B298-418C-A9F2-C21B39FC7069}.AppStore|iPhoneSimulator.ActiveCfg = Debug|Any CPU
		{F48C879A-B298-418C-A9F2-C21B39FC7069}.AppStore|iPhoneSimulator.Build.0 = Debug|Any CPU
		{F48C879A-B298-418C-A9F2-C21B39FC7069}.AppStore|iPhoneSimulator.Deploy.0 = Debug|Any CPU
		{F48C879A-B298-418C-A9F2-C21B39FC7069}.Debug|Any CPU.ActiveCfg = Debug|Any CPU
		{F48C879A-B298-418C-A9F2-C21B39FC7069}.Debug|Any CPU.Build.0 = Debug|Any CPU
		{F48C879A-B298-418C-A9F2-C21B39FC7069}.Debug|Any CPU.Deploy.0 = Debug|Any CPU
		{F48C879A-B298-418C-A9F2-C21B39FC7069}.Debug|iPhone.ActiveCfg = Debug|Any CPU
		{F48C879A-B298-418C-A9F2-C21B39FC7069}.Debug|iPhone.Build.0 = Debug|Any CPU
		{F48C879A-B298-418C-A9F2-C21B39FC7069}.Debug|iPhone.Deploy.0 = Debug|Any CPU
		{F48C879A-B298-418C-A9F2-C21B39FC7069}.Debug|iPhoneSimulator.ActiveCfg = Debug|Any CPU
		{F48C879A-B298-418C-A9F2-C21B39FC7069}.Debug|iPhoneSimulator.Build.0 = Debug|Any CPU
		{F48C879A-B298-418C-A9F2-C21B39FC7069}.Debug|iPhoneSimulator.Deploy.0 = Debug|Any CPU
		{F48C879A-B298-418C-A9F2-C21B39FC7069}.Release|Any CPU.ActiveCfg = Release|Any CPU
		{F48C879A-B298-418C-A9F2-C21B39FC7069}.Release|Any CPU.Build.0 = Release|Any CPU
		{F48C879A-B298-418C-A9F2-C21B39FC7069}.Release|Any CPU.Deploy.0 = Release|Any CPU
		{F48C879A-B298-418C-A9F2-C21B39FC7069}.Release|iPhone.ActiveCfg = Release|Any CPU
		{F48C879A-B298-418C-A9F2-C21B39FC7069}.Release|iPhone.Build.0 = Release|Any CPU
		{F48C879A-B298-418C-A9F2-C21B39FC7069}.Release|iPhone.Deploy.0 = Release|Any CPU
		{F48C879A-B298-418C-A9F2-C21B39FC7069}.Release|iPhoneSimulator.ActiveCfg = Release|Any CPU
		{F48C879A-B298-418C-A9F2-C21B39FC7069}.Release|iPhoneSimulator.Build.0 = Release|Any CPU
		{F48C879A-B298-418C-A9F2-C21B39FC7069}.Release|iPhoneSimulator.Deploy.0 = Release|Any CPU
	EndGlobalSection
	GlobalSection(SolutionProperties) = preSolution
		HideSolutionNode = FALSE
	EndGlobalSection
	GlobalSection(ExtensibilityGlobals) = postSolution
		SolutionGuid = {BEB16BBF-5828-460A-BA7E-707B61F6D2C3}
	EndGlobalSection
EndGlobal
