
Microsoft Visual Studio Solution File, Format Version 12.00
# Visual Studio 15
VisualStudioVersion = 15.0.28307.852
MinimumVisualStudioVersion = 10.0.40219.1
Project("{FAE04EC0-301F-11D3-BF4B-00C04F79EFBC}") = "ApiHS.Android", "ApiHS\ApiHS.Android\ApiHS.Android.csproj", "{7BC9A7A1-9464-43D9-9628-FC4434C359BF}"
EndProject
Project("{FAE04EC0-301F-11D3-BF4B-00C04F79EFBC}") = "ApiHS.iOS", "ApiHS\ApiHS.iOS\ApiHS.iOS.csproj", "{0B150C7E-29E2-4E2C-B000-FF5D2BE2A425}"
EndProject
Project("{9A19103F-16F7-4668-BE54-9A1E7A4F7556}") = "ApiHS", "ApiHS\ApiHS\ApiHS.csproj", "{F48C879A-B298-418C-A9F2-C21B39FC7069}"
EndProject
Project("{FAE04EC0-301F-11D3-BF4B-00C04F79EFBC}") = "HearthDb", "HearthDb\HearthDb\HearthDb.csproj", "{7ED14243-E02B-4B94-AF00-A67A62C282F0}"
EndProject
Project("{FAE04EC0-301F-11D3-BF4B-00C04F79EFBC}") = "HearthDb.CardIdGenerator", "HearthDb\HearthDb.CardIdGenerator\HearthDb.CardIdGenerator.csproj", "{89D6853A-FAEF-4E66-B5C5-95FFE71E9C8C}"
EndProject
Project("{FAE04EC0-301F-11D3-BF4B-00C04F79EFBC}") = "HearthDb.EnumsGenerator", "HearthDb\HearthDb.EnumsGenerator\HearthDb.EnumsGenerator.csproj", "{D6D59655-923E-4745-BF2E-9E59CB0F10D7}"
EndProject
Project("{FAE04EC0-301F-11D3-BF4B-00C04F79EFBC}") = "HearthDb.Tests", "HearthDb\HearthDb.Tests\HearthDb.Tests.csproj", "{CB4162D6-E64D-4D3A-9207-9C850B684183}"
EndProject
Global
	GlobalSection(SolutionConfigurationPlatforms) = preSolution
		Ad-Hoc|Any CPU = Ad-Hoc|Any CPU
		Ad-Hoc|iPhone = Ad-Hoc|iPhone
		Ad-Hoc|iPhoneSimulator = Ad-Hoc|iPhoneSimulator
		Ad-Hoc|x86 = Ad-Hoc|x86
		AppStore|Any CPU = AppStore|Any CPU
		AppStore|iPhone = AppStore|iPhone
		AppStore|iPhoneSimulator = AppStore|iPhoneSimulator
		AppStore|x86 = AppStore|x86
		Debug|Any CPU = Debug|Any CPU
		Debug|iPhone = Debug|iPhone
		Debug|iPhoneSimulator = Debug|iPhoneSimulator
		Debug|x86 = Debug|x86
		Release|Any CPU = Release|Any CPU
		Release|iPhone = Release|iPhone
		Release|iPhoneSimulator = Release|iPhoneSimulator
		Release|x86 = Release|x86
	EndGlobalSection
	GlobalSection(ProjectConfigurationPlatforms) = postSolution
		{7BC9A7A1-9464-43D9-9628-FC4434C359BF}.Ad-Hoc|Any CPU.ActiveCfg = Release|Any CPU
		{7BC9A7A1-9464-43D9-9628-FC4434C359BF}.Ad-Hoc|Any CPU.Build.0 = Release|Any CPU
		{7BC9A7A1-9464-43D9-9628-FC4434C359BF}.Ad-Hoc|Any CPU.Deploy.0 = Release|Any CPU
		{7BC9A7A1-9464-43D9-9628-FC4434C359BF}.Ad-Hoc|iPhone.ActiveCfg = Release|Any CPU
		{7BC9A7A1-9464-43D9-9628-FC4434C359BF}.Ad-Hoc|iPhone.Build.0 = Release|Any CPU
		{7BC9A7A1-9464-43D9-9628-FC4434C359BF}.Ad-Hoc|iPhone.Deploy.0 = Release|Any CPU
		{7BC9A7A1-9464-43D9-9628-FC4434C359BF}.Ad-Hoc|iPhoneSimulator.ActiveCfg = Release|Any CPU
		{7BC9A7A1-9464-43D9-9628-FC4434C359BF}.Ad-Hoc|iPhoneSimulator.Build.0 = Release|Any CPU
		{7BC9A7A1-9464-43D9-9628-FC4434C359BF}.Ad-Hoc|iPhoneSimulator.Deploy.0 = Release|Any CPU
		{7BC9A7A1-9464-43D9-9628-FC4434C359BF}.Ad-Hoc|x86.ActiveCfg = Debug|Any CPU
		{7BC9A7A1-9464-43D9-9628-FC4434C359BF}.Ad-Hoc|x86.Build.0 = Debug|Any CPU
		{7BC9A7A1-9464-43D9-9628-FC4434C359BF}.Ad-Hoc|x86.Deploy.0 = Debug|Any CPU
		{7BC9A7A1-9464-43D9-9628-FC4434C359BF}.AppStore|Any CPU.ActiveCfg = Release|Any CPU
		{7BC9A7A1-9464-43D9-9628-FC4434C359BF}.AppStore|Any CPU.Build.0 = Release|Any CPU
		{7BC9A7A1-9464-43D9-9628-FC4434C359BF}.AppStore|Any CPU.Deploy.0 = Release|Any CPU
		{7BC9A7A1-9464-43D9-9628-FC4434C359BF}.AppStore|iPhone.ActiveCfg = Release|Any CPU
		{7BC9A7A1-9464-43D9-9628-FC4434C359BF}.AppStore|iPhone.Build.0 = Release|Any CPU
		{7BC9A7A1-9464-43D9-9628-FC4434C359BF}.AppStore|iPhone.Deploy.0 = Release|Any CPU
		{7BC9A7A1-9464-43D9-9628-FC4434C359BF}.AppStore|iPhoneSimulator.ActiveCfg = Release|Any CPU
		{7BC9A7A1-9464-43D9-9628-FC4434C359BF}.AppStore|iPhoneSimulator.Build.0 = Release|Any CPU
		{7BC9A7A1-9464-43D9-9628-FC4434C359BF}.AppStore|iPhoneSimulator.Deploy.0 = Release|Any CPU
		{7BC9A7A1-9464-43D9-9628-FC4434C359BF}.AppStore|x86.ActiveCfg = Debug|Any CPU
		{7BC9A7A1-9464-43D9-9628-FC4434C359BF}.AppStore|x86.Build.0 = Debug|Any CPU
		{7BC9A7A1-9464-43D9-9628-FC4434C359BF}.AppStore|x86.Deploy.0 = Debug|Any CPU
		{7BC9A7A1-9464-43D9-9628-FC4434C359BF}.Debug|Any CPU.ActiveCfg = Debug|Any CPU
		{7BC9A7A1-9464-43D9-9628-FC4434C359BF}.Debug|Any CPU.Build.0 = Debug|Any CPU
		{7BC9A7A1-9464-43D9-9628-FC4434C359BF}.Debug|Any CPU.Deploy.0 = Debug|Any CPU
		{7BC9A7A1-9464-43D9-9628-FC4434C359BF}.Debug|iPhone.ActiveCfg = Debug|Any CPU
		{7BC9A7A1-9464-43D9-9628-FC4434C359BF}.Debug|iPhone.Build.0 = Debug|Any CPU
		{7BC9A7A1-9464-43D9-9628-FC4434C359BF}.Debug|iPhone.Deploy.0 = Debug|Any CPU
		{7BC9A7A1-9464-43D9-9628-FC4434C359BF}.Debug|iPhoneSimulator.ActiveCfg = Debug|Any CPU
		{7BC9A7A1-9464-43D9-9628-FC4434C359BF}.Debug|iPhoneSimulator.Build.0 = Debug|Any CPU
		{7BC9A7A1-9464-43D9-9628-FC4434C359BF}.Debug|iPhoneSimulator.Deploy.0 = Debug|Any CPU
		{7BC9A7A1-9464-43D9-9628-FC4434C359BF}.Debug|x86.ActiveCfg = Debug|Any CPU
		{7BC9A7A1-9464-43D9-9628-FC4434C359BF}.Debug|x86.Build.0 = Debug|Any CPU
		{7BC9A7A1-9464-43D9-9628-FC4434C359BF}.Debug|x86.Deploy.0 = Debug|Any CPU
		{7BC9A7A1-9464-43D9-9628-FC4434C359BF}.Release|Any CPU.ActiveCfg = Release|Any CPU
		{7BC9A7A1-9464-43D9-9628-FC4434C359BF}.Release|Any CPU.Build.0 = Release|Any CPU
		{7BC9A7A1-9464-43D9-9628-FC4434C359BF}.Release|Any CPU.Deploy.0 = Release|Any CPU
		{7BC9A7A1-9464-43D9-9628-FC4434C359BF}.Release|iPhone.ActiveCfg = Release|Any CPU
		{7BC9A7A1-9464-43D9-9628-FC4434C359BF}.Release|iPhone.Build.0 = Release|Any CPU
		{7BC9A7A1-9464-43D9-9628-FC4434C359BF}.Release|iPhone.Deploy.0 = Release|Any CPU
		{7BC9A7A1-9464-43D9-9628-FC4434C359BF}.Release|iPhoneSimulator.ActiveCfg = Release|Any CPU
		{7BC9A7A1-9464-43D9-9628-FC4434C359BF}.Release|iPhoneSimulator.Build.0 = Release|Any CPU
		{7BC9A7A1-9464-43D9-9628-FC4434C359BF}.Release|iPhoneSimulator.Deploy.0 = Release|Any CPU
		{7BC9A7A1-9464-43D9-9628-FC4434C359BF}.Release|x86.ActiveCfg = Release|Any CPU
		{7BC9A7A1-9464-43D9-9628-FC4434C359BF}.Release|x86.Build.0 = Release|Any CPU
		{7BC9A7A1-9464-43D9-9628-FC4434C359BF}.Release|x86.Deploy.0 = Release|Any CPU
		{0B150C7E-29E2-4E2C-B000-FF5D2BE2A425}.Ad-Hoc|Any CPU.ActiveCfg = Ad-Hoc|iPhone
		{0B150C7E-29E2-4E2C-B000-FF5D2BE2A425}.Ad-Hoc|Any CPU.Build.0 = Ad-Hoc|iPhone
		{0B150C7E-29E2-4E2C-B000-FF5D2BE2A425}.Ad-Hoc|Any CPU.Deploy.0 = Ad-Hoc|iPhone
		{0B150C7E-29E2-4E2C-B000-FF5D2BE2A425}.Ad-Hoc|iPhone.ActiveCfg = Ad-Hoc|iPhone
		{0B150C7E-29E2-4E2C-B000-FF5D2BE2A425}.Ad-Hoc|iPhone.Build.0 = Ad-Hoc|iPhone
		{0B150C7E-29E2-4E2C-B000-FF5D2BE2A425}.Ad-Hoc|iPhone.Deploy.0 = Ad-Hoc|iPhone
		{0B150C7E-29E2-4E2C-B000-FF5D2BE2A425}.Ad-Hoc|iPhoneSimulator.ActiveCfg = Ad-Hoc|iPhoneSimulator
		{0B150C7E-29E2-4E2C-B000-FF5D2BE2A425}.Ad-Hoc|iPhoneSimulator.Build.0 = Ad-Hoc|iPhoneSimulator
		{0B150C7E-29E2-4E2C-B000-FF5D2BE2A425}.Ad-Hoc|iPhoneSimulator.Deploy.0 = Ad-Hoc|iPhoneSimulator
		{0B150C7E-29E2-4E2C-B000-FF5D2BE2A425}.Ad-Hoc|x86.ActiveCfg = Ad-Hoc|iPhoneSimulator
		{0B150C7E-29E2-4E2C-B000-FF5D2BE2A425}.AppStore|Any CPU.ActiveCfg = AppStore|iPhone
		{0B150C7E-29E2-4E2C-B000-FF5D2BE2A425}.AppStore|Any CPU.Build.0 = AppStore|iPhone
		{0B150C7E-29E2-4E2C-B000-FF5D2BE2A425}.AppStore|Any CPU.Deploy.0 = AppStore|iPhone
		{0B150C7E-29E2-4E2C-B000-FF5D2BE2A425}.AppStore|iPhone.ActiveCfg = AppStore|iPhone
		{0B150C7E-29E2-4E2C-B000-FF5D2BE2A425}.AppStore|iPhone.Build.0 = AppStore|iPhone
		{0B150C7E-29E2-4E2C-B000-FF5D2BE2A425}.AppStore|iPhone.Deploy.0 = AppStore|iPhone
		{0B150C7E-29E2-4E2C-B000-FF5D2BE2A425}.AppStore|iPhoneSimulator.ActiveCfg = AppStore|iPhoneSimulator
		{0B150C7E-29E2-4E2C-B000-FF5D2BE2A425}.AppStore|iPhoneSimulator.Build.0 = AppStore|iPhoneSimulator
		{0B150C7E-29E2-4E2C-B000-FF5D2BE2A425}.AppStore|iPhoneSimulator.Deploy.0 = AppStore|iPhoneSimulator
		{0B150C7E-29E2-4E2C-B000-FF5D2BE2A425}.AppStore|x86.ActiveCfg = AppStore|iPhoneSimulator
		{0B150C7E-29E2-4E2C-B000-FF5D2BE2A425}.Debug|Any CPU.ActiveCfg = Debug|iPhoneSimulator
		{0B150C7E-29E2-4E2C-B000-FF5D2BE2A425}.Debug|Any CPU.Deploy.0 = Debug|iPhoneSimulator
		{0B150C7E-29E2-4E2C-B000-FF5D2BE2A425}.Debug|iPhone.ActiveCfg = Debug|iPhone
		{0B150C7E-29E2-4E2C-B000-FF5D2BE2A425}.Debug|iPhone.Build.0 = Debug|iPhone
		{0B150C7E-29E2-4E2C-B000-FF5D2BE2A425}.Debug|iPhone.Deploy.0 = Debug|iPhone
		{0B150C7E-29E2-4E2C-B000-FF5D2BE2A425}.Debug|iPhoneSimulator.ActiveCfg = Debug|iPhoneSimulator
		{0B150C7E-29E2-4E2C-B000-FF5D2BE2A425}.Debug|iPhoneSimulator.Build.0 = Debug|iPhoneSimulator
		{0B150C7E-29E2-4E2C-B000-FF5D2BE2A425}.Debug|iPhoneSimulator.Deploy.0 = Debug|iPhoneSimulator
		{0B150C7E-29E2-4E2C-B000-FF5D2BE2A425}.Debug|x86.ActiveCfg = Debug|iPhone
		{0B150C7E-29E2-4E2C-B000-FF5D2BE2A425}.Release|Any CPU.ActiveCfg = Release|iPhone
		{0B150C7E-29E2-4E2C-B000-FF5D2BE2A425}.Release|Any CPU.Build.0 = Release|iPhone
		{0B150C7E-29E2-4E2C-B000-FF5D2BE2A425}.Release|Any CPU.Deploy.0 = Release|iPhone
		{0B150C7E-29E2-4E2C-B000-FF5D2BE2A425}.Release|iPhone.ActiveCfg = Release|iPhone
		{0B150C7E-29E2-4E2C-B000-FF5D2BE2A425}.Release|iPhone.Build.0 = Release|iPhone
		{0B150C7E-29E2-4E2C-B000-FF5D2BE2A425}.Release|iPhone.Deploy.0 = Release|iPhone
		{0B150C7E-29E2-4E2C-B000-FF5D2BE2A425}.Release|iPhoneSimulator.ActiveCfg = Release|iPhoneSimulator
		{0B150C7E-29E2-4E2C-B000-FF5D2BE2A425}.Release|iPhoneSimulator.Build.0 = Release|iPhoneSimulator
		{0B150C7E-29E2-4E2C-B000-FF5D2BE2A425}.Release|iPhoneSimulator.Deploy.0 = Release|iPhoneSimulator
		{0B150C7E-29E2-4E2C-B000-FF5D2BE2A425}.Release|x86.ActiveCfg = Release|iPhoneSimulator
		{F48C879A-B298-418C-A9F2-C21B39FC7069}.Ad-Hoc|Any CPU.ActiveCfg = Debug|Any CPU
		{F48C879A-B298-418C-A9F2-C21B39FC7069}.Ad-Hoc|Any CPU.Build.0 = Debug|Any CPU
		{F48C879A-B298-418C-A9F2-C21B39FC7069}.Ad-Hoc|Any CPU.Deploy.0 = Debug|Any CPU
		{F48C879A-B298-418C-A9F2-C21B39FC7069}.Ad-Hoc|iPhone.ActiveCfg = Debug|Any CPU
		{F48C879A-B298-418C-A9F2-C21B39FC7069}.Ad-Hoc|iPhone.Build.0 = Debug|Any CPU
		{F48C879A-B298-418C-A9F2-C21B39FC7069}.Ad-Hoc|iPhone.Deploy.0 = Debug|Any CPU
		{F48C879A-B298-418C-A9F2-C21B39FC7069}.Ad-Hoc|iPhoneSimulator.ActiveCfg = Debug|Any CPU
		{F48C879A-B298-418C-A9F2-C21B39FC7069}.Ad-Hoc|iPhoneSimulator.Build.0 = Debug|Any CPU
		{F48C879A-B298-418C-A9F2-C21B39FC7069}.Ad-Hoc|iPhoneSimulator.Deploy.0 = Debug|Any CPU
		{F48C879A-B298-418C-A9F2-C21B39FC7069}.Ad-Hoc|x86.ActiveCfg = Release|Any CPU
		{F48C879A-B298-418C-A9F2-C21B39FC7069}.Ad-Hoc|x86.Build.0 = Release|Any CPU
		{F48C879A-B298-418C-A9F2-C21B39FC7069}.AppStore|Any CPU.ActiveCfg = Debug|Any CPU
		{F48C879A-B298-418C-A9F2-C21B39FC7069}.AppStore|Any CPU.Build.0 = Debug|Any CPU
		{F48C879A-B298-418C-A9F2-C21B39FC7069}.AppStore|Any CPU.Deploy.0 = Debug|Any CPU
		{F48C879A-B298-418C-A9F2-C21B39FC7069}.AppStore|iPhone.ActiveCfg = Debug|Any CPU
		{F48C879A-B298-418C-A9F2-C21B39FC7069}.AppStore|iPhone.Build.0 = Debug|Any CPU
		{F48C879A-B298-418C-A9F2-C21B39FC7069}.AppStore|iPhone.Deploy.0 = Debug|Any CPU
		{F48C879A-B298-418C-A9F2-C21B39FC7069}.AppStore|iPhoneSimulator.ActiveCfg = Debug|Any CPU
		{F48C879A-B298-418C-A9F2-C21B39FC7069}.AppStore|iPhoneSimulator.Build.0 = Debug|Any CPU
		{F48C879A-B298-418C-A9F2-C21B39FC7069}.AppStore|iPhoneSimulator.Deploy.0 = Debug|Any CPU
		{F48C879A-B298-418C-A9F2-C21B39FC7069}.AppStore|x86.ActiveCfg = Release|Any CPU
		{F48C879A-B298-418C-A9F2-C21B39FC7069}.AppStore|x86.Build.0 = Release|Any CPU
		{F48C879A-B298-418C-A9F2-C21B39FC7069}.Debug|Any CPU.ActiveCfg = Debug|Any CPU
		{F48C879A-B298-418C-A9F2-C21B39FC7069}.Debug|Any CPU.Build.0 = Debug|Any CPU
		{F48C879A-B298-418C-A9F2-C21B39FC7069}.Debug|Any CPU.Deploy.0 = Debug|Any CPU
		{F48C879A-B298-418C-A9F2-C21B39FC7069}.Debug|iPhone.ActiveCfg = Debug|Any CPU
		{F48C879A-B298-418C-A9F2-C21B39FC7069}.Debug|iPhone.Build.0 = Debug|Any CPU
		{F48C879A-B298-418C-A9F2-C21B39FC7069}.Debug|iPhone.Deploy.0 = Debug|Any CPU
		{F48C879A-B298-418C-A9F2-C21B39FC7069}.Debug|iPhoneSimulator.ActiveCfg = Debug|Any CPU
		{F48C879A-B298-418C-A9F2-C21B39FC7069}.Debug|iPhoneSimulator.Build.0 = Debug|Any CPU
		{F48C879A-B298-418C-A9F2-C21B39FC7069}.Debug|iPhoneSimulator.Deploy.0 = Debug|Any CPU
		{F48C879A-B298-418C-A9F2-C21B39FC7069}.Debug|x86.ActiveCfg = Debug|Any CPU
		{F48C879A-B298-418C-A9F2-C21B39FC7069}.Debug|x86.Build.0 = Debug|Any CPU
		{F48C879A-B298-418C-A9F2-C21B39FC7069}.Release|Any CPU.ActiveCfg = Release|Any CPU
		{F48C879A-B298-418C-A9F2-C21B39FC7069}.Release|Any CPU.Build.0 = Release|Any CPU
		{F48C879A-B298-418C-A9F2-C21B39FC7069}.Release|Any CPU.Deploy.0 = Release|Any CPU
		{F48C879A-B298-418C-A9F2-C21B39FC7069}.Release|iPhone.ActiveCfg = Release|Any CPU
		{F48C879A-B298-418C-A9F2-C21B39FC7069}.Release|iPhone.Build.0 = Release|Any CPU
		{F48C879A-B298-418C-A9F2-C21B39FC7069}.Release|iPhone.Deploy.0 = Release|Any CPU
		{F48C879A-B298-418C-A9F2-C21B39FC7069}.Release|iPhoneSimulator.ActiveCfg = Release|Any CPU
		{F48C879A-B298-418C-A9F2-C21B39FC7069}.Release|iPhoneSimulator.Build.0 = Release|Any CPU
		{F48C879A-B298-418C-A9F2-C21B39FC7069}.Release|iPhoneSimulator.Deploy.0 = Release|Any CPU
		{F48C879A-B298-418C-A9F2-C21B39FC7069}.Release|x86.ActiveCfg = Release|Any CPU
		{F48C879A-B298-418C-A9F2-C21B39FC7069}.Release|x86.Build.0 = Release|Any CPU
		{7ED14243-E02B-4B94-AF00-A67A62C282F0}.Ad-Hoc|Any CPU.ActiveCfg = Release|Any CPU
		{7ED14243-E02B-4B94-AF00-A67A62C282F0}.Ad-Hoc|Any CPU.Build.0 = Release|Any CPU
		{7ED14243-E02B-4B94-AF00-A67A62C282F0}.Ad-Hoc|iPhone.ActiveCfg = Release|Any CPU
		{7ED14243-E02B-4B94-AF00-A67A62C282F0}.Ad-Hoc|iPhone.Build.0 = Release|Any CPU
		{7ED14243-E02B-4B94-AF00-A67A62C282F0}.Ad-Hoc|iPhoneSimulator.ActiveCfg = Release|Any CPU
		{7ED14243-E02B-4B94-AF00-A67A62C282F0}.Ad-Hoc|iPhoneSimulator.Build.0 = Release|Any CPU
		{7ED14243-E02B-4B94-AF00-A67A62C282F0}.Ad-Hoc|x86.ActiveCfg = Release|x86
		{7ED14243-E02B-4B94-AF00-A67A62C282F0}.Ad-Hoc|x86.Build.0 = Release|x86
		{7ED14243-E02B-4B94-AF00-A67A62C282F0}.AppStore|Any CPU.ActiveCfg = Release|Any CPU
		{7ED14243-E02B-4B94-AF00-A67A62C282F0}.AppStore|Any CPU.Build.0 = Release|Any CPU
		{7ED14243-E02B-4B94-AF00-A67A62C282F0}.AppStore|iPhone.ActiveCfg = Release|Any CPU
		{7ED14243-E02B-4B94-AF00-A67A62C282F0}.AppStore|iPhone.Build.0 = Release|Any CPU
		{7ED14243-E02B-4B94-AF00-A67A62C282F0}.AppStore|iPhoneSimulator.ActiveCfg = Release|Any CPU
		{7ED14243-E02B-4B94-AF00-A67A62C282F0}.AppStore|iPhoneSimulator.Build.0 = Release|Any CPU
		{7ED14243-E02B-4B94-AF00-A67A62C282F0}.AppStore|x86.ActiveCfg = Release|x86
		{7ED14243-E02B-4B94-AF00-A67A62C282F0}.AppStore|x86.Build.0 = Release|x86
		{7ED14243-E02B-4B94-AF00-A67A62C282F0}.Debug|Any CPU.ActiveCfg = Debug|Any CPU
		{7ED14243-E02B-4B94-AF00-A67A62C282F0}.Debug|Any CPU.Build.0 = Debug|Any CPU
		{7ED14243-E02B-4B94-AF00-A67A62C282F0}.Debug|iPhone.ActiveCfg = Debug|Any CPU
		{7ED14243-E02B-4B94-AF00-A67A62C282F0}.Debug|iPhone.Build.0 = Debug|Any CPU
		{7ED14243-E02B-4B94-AF00-A67A62C282F0}.Debug|iPhoneSimulator.ActiveCfg = Debug|Any CPU
		{7ED14243-E02B-4B94-AF00-A67A62C282F0}.Debug|iPhoneSimulator.Build.0 = Debug|Any CPU
		{7ED14243-E02B-4B94-AF00-A67A62C282F0}.Debug|x86.ActiveCfg = Debug|x86
		{7ED14243-E02B-4B94-AF00-A67A62C282F0}.Debug|x86.Build.0 = Debug|x86
		{7ED14243-E02B-4B94-AF00-A67A62C282F0}.Release|Any CPU.ActiveCfg = Release|Any CPU
		{7ED14243-E02B-4B94-AF00-A67A62C282F0}.Release|Any CPU.Build.0 = Release|Any CPU
		{7ED14243-E02B-4B94-AF00-A67A62C282F0}.Release|iPhone.ActiveCfg = Release|Any CPU
		{7ED14243-E02B-4B94-AF00-A67A62C282F0}.Release|iPhone.Build.0 = Release|Any CPU
		{7ED14243-E02B-4B94-AF00-A67A62C282F0}.Release|iPhoneSimulator.ActiveCfg = Release|Any CPU
		{7ED14243-E02B-4B94-AF00-A67A62C282F0}.Release|iPhoneSimulator.Build.0 = Release|Any CPU
		{7ED14243-E02B-4B94-AF00-A67A62C282F0}.Release|x86.ActiveCfg = Release|x86
		{7ED14243-E02B-4B94-AF00-A67A62C282F0}.Release|x86.Build.0 = Release|x86
		{89D6853A-FAEF-4E66-B5C5-95FFE71E9C8C}.Ad-Hoc|Any CPU.ActiveCfg = Release|Any CPU
		{89D6853A-FAEF-4E66-B5C5-95FFE71E9C8C}.Ad-Hoc|Any CPU.Build.0 = Release|Any CPU
		{89D6853A-FAEF-4E66-B5C5-95FFE71E9C8C}.Ad-Hoc|iPhone.ActiveCfg = Release|Any CPU
		{89D6853A-FAEF-4E66-B5C5-95FFE71E9C8C}.Ad-Hoc|iPhone.Build.0 = Release|Any CPU
		{89D6853A-FAEF-4E66-B5C5-95FFE71E9C8C}.Ad-Hoc|iPhoneSimulator.ActiveCfg = Release|Any CPU
		{89D6853A-FAEF-4E66-B5C5-95FFE71E9C8C}.Ad-Hoc|iPhoneSimulator.Build.0 = Release|Any CPU
		{89D6853A-FAEF-4E66-B5C5-95FFE71E9C8C}.Ad-Hoc|x86.ActiveCfg = Release|x86
		{89D6853A-FAEF-4E66-B5C5-95FFE71E9C8C}.Ad-Hoc|x86.Build.0 = Release|x86
		{89D6853A-FAEF-4E66-B5C5-95FFE71E9C8C}.AppStore|Any CPU.ActiveCfg = Release|Any CPU
		{89D6853A-FAEF-4E66-B5C5-95FFE71E9C8C}.AppStore|Any CPU.Build.0 = Release|Any CPU
		{89D6853A-FAEF-4E66-B5C5-95FFE71E9C8C}.AppStore|iPhone.ActiveCfg = Release|Any CPU
		{89D6853A-FAEF-4E66-B5C5-95FFE71E9C8C}.AppStore|iPhone.Build.0 = Release|Any CPU
		{89D6853A-FAEF-4E66-B5C5-95FFE71E9C8C}.AppStore|iPhoneSimulator.ActiveCfg = Release|Any CPU
		{89D6853A-FAEF-4E66-B5C5-95FFE71E9C8C}.AppStore|iPhoneSimulator.Build.0 = Release|Any CPU
		{89D6853A-FAEF-4E66-B5C5-95FFE71E9C8C}.AppStore|x86.ActiveCfg = Release|x86
		{89D6853A-FAEF-4E66-B5C5-95FFE71E9C8C}.AppStore|x86.Build.0 = Release|x86
		{89D6853A-FAEF-4E66-B5C5-95FFE71E9C8C}.Debug|Any CPU.ActiveCfg = Debug|Any CPU
		{89D6853A-FAEF-4E66-B5C5-95FFE71E9C8C}.Debug|Any CPU.Build.0 = Debug|Any CPU
		{89D6853A-FAEF-4E66-B5C5-95FFE71E9C8C}.Debug|iPhone.ActiveCfg = Debug|Any CPU
		{89D6853A-FAEF-4E66-B5C5-95FFE71E9C8C}.Debug|iPhone.Build.0 = Debug|Any CPU
		{89D6853A-FAEF-4E66-B5C5-95FFE71E9C8C}.Debug|iPhoneSimulator.ActiveCfg = Debug|Any CPU
		{89D6853A-FAEF-4E66-B5C5-95FFE71E9C8C}.Debug|iPhoneSimulator.Build.0 = Debug|Any CPU
		{89D6853A-FAEF-4E66-B5C5-95FFE71E9C8C}.Debug|x86.ActiveCfg = Debug|x86
		{89D6853A-FAEF-4E66-B5C5-95FFE71E9C8C}.Debug|x86.Build.0 = Debug|x86
		{89D6853A-FAEF-4E66-B5C5-95FFE71E9C8C}.Release|Any CPU.ActiveCfg = Release|Any CPU
		{89D6853A-FAEF-4E66-B5C5-95FFE71E9C8C}.Release|Any CPU.Build.0 = Release|Any CPU
		{89D6853A-FAEF-4E66-B5C5-95FFE71E9C8C}.Release|iPhone.ActiveCfg = Release|Any CPU
		{89D6853A-FAEF-4E66-B5C5-95FFE71E9C8C}.Release|iPhone.Build.0 = Release|Any CPU
		{89D6853A-FAEF-4E66-B5C5-95FFE71E9C8C}.Release|iPhoneSimulator.ActiveCfg = Release|Any CPU
		{89D6853A-FAEF-4E66-B5C5-95FFE71E9C8C}.Release|iPhoneSimulator.Build.0 = Release|Any CPU
		{89D6853A-FAEF-4E66-B5C5-95FFE71E9C8C}.Release|x86.ActiveCfg = Release|x86
		{89D6853A-FAEF-4E66-B5C5-95FFE71E9C8C}.Release|x86.Build.0 = Release|x86
		{D6D59655-923E-4745-BF2E-9E59CB0F10D7}.Ad-Hoc|Any CPU.ActiveCfg = Release|Any CPU
		{D6D59655-923E-4745-BF2E-9E59CB0F10D7}.Ad-Hoc|Any CPU.Build.0 = Release|Any CPU
		{D6D59655-923E-4745-BF2E-9E59CB0F10D7}.Ad-Hoc|iPhone.ActiveCfg = Release|Any CPU
		{D6D59655-923E-4745-BF2E-9E59CB0F10D7}.Ad-Hoc|iPhone.Build.0 = Release|Any CPU
		{D6D59655-923E-4745-BF2E-9E59CB0F10D7}.Ad-Hoc|iPhoneSimulator.ActiveCfg = Release|Any CPU
		{D6D59655-923E-4745-BF2E-9E59CB0F10D7}.Ad-Hoc|iPhoneSimulator.Build.0 = Release|Any CPU
		{D6D59655-923E-4745-BF2E-9E59CB0F10D7}.Ad-Hoc|x86.ActiveCfg = Release|Any CPU
		{D6D59655-923E-4745-BF2E-9E59CB0F10D7}.Ad-Hoc|x86.Build.0 = Release|Any CPU
		{D6D59655-923E-4745-BF2E-9E59CB0F10D7}.AppStore|Any CPU.ActiveCfg = Release|Any CPU
		{D6D59655-923E-4745-BF2E-9E59CB0F10D7}.AppStore|Any CPU.Build.0 = Release|Any CPU
		{D6D59655-923E-4745-BF2E-9E59CB0F10D7}.AppStore|iPhone.ActiveCfg = Release|Any CPU
		{D6D59655-923E-4745-BF2E-9E59CB0F10D7}.AppStore|iPhone.Build.0 = Release|Any CPU
		{D6D59655-923E-4745-BF2E-9E59CB0F10D7}.AppStore|iPhoneSimulator.ActiveCfg = Release|Any CPU
		{D6D59655-923E-4745-BF2E-9E59CB0F10D7}.AppStore|iPhoneSimulator.Build.0 = Release|Any CPU
		{D6D59655-923E-4745-BF2E-9E59CB0F10D7}.AppStore|x86.ActiveCfg = Release|Any CPU
		{D6D59655-923E-4745-BF2E-9E59CB0F10D7}.AppStore|x86.Build.0 = Release|Any CPU
		{D6D59655-923E-4745-BF2E-9E59CB0F10D7}.Debug|Any CPU.ActiveCfg = Debug|Any CPU
		{D6D59655-923E-4745-BF2E-9E59CB0F10D7}.Debug|Any CPU.Build.0 = Debug|Any CPU
		{D6D59655-923E-4745-BF2E-9E59CB0F10D7}.Debug|iPhone.ActiveCfg = Debug|Any CPU
		{D6D59655-923E-4745-BF2E-9E59CB0F10D7}.Debug|iPhone.Build.0 = Debug|Any CPU
		{D6D59655-923E-4745-BF2E-9E59CB0F10D7}.Debug|iPhoneSimulator.ActiveCfg = Debug|Any CPU
		{D6D59655-923E-4745-BF2E-9E59CB0F10D7}.Debug|iPhoneSimulator.Build.0 = Debug|Any CPU
		{D6D59655-923E-4745-BF2E-9E59CB0F10D7}.Debug|x86.ActiveCfg = Debug|Any CPU
		{D6D59655-923E-4745-BF2E-9E59CB0F10D7}.Debug|x86.Build.0 = Debug|Any CPU
		{D6D59655-923E-4745-BF2E-9E59CB0F10D7}.Release|Any CPU.ActiveCfg = Release|Any CPU
		{D6D59655-923E-4745-BF2E-9E59CB0F10D7}.Release|Any CPU.Build.0 = Release|Any CPU
		{D6D59655-923E-4745-BF2E-9E59CB0F10D7}.Release|iPhone.ActiveCfg = Release|Any CPU
		{D6D59655-923E-4745-BF2E-9E59CB0F10D7}.Release|iPhone.Build.0 = Release|Any CPU
		{D6D59655-923E-4745-BF2E-9E59CB0F10D7}.Release|iPhoneSimulator.ActiveCfg = Release|Any CPU
		{D6D59655-923E-4745-BF2E-9E59CB0F10D7}.Release|iPhoneSimulator.Build.0 = Release|Any CPU
		{D6D59655-923E-4745-BF2E-9E59CB0F10D7}.Release|x86.ActiveCfg = Release|Any CPU
		{D6D59655-923E-4745-BF2E-9E59CB0F10D7}.Release|x86.Build.0 = Release|Any CPU
		{CB4162D6-E64D-4D3A-9207-9C850B684183}.Ad-Hoc|Any CPU.ActiveCfg = Release|Any CPU
		{CB4162D6-E64D-4D3A-9207-9C850B684183}.Ad-Hoc|Any CPU.Build.0 = Release|Any CPU
		{CB4162D6-E64D-4D3A-9207-9C850B684183}.Ad-Hoc|iPhone.ActiveCfg = Release|Any CPU
		{CB4162D6-E64D-4D3A-9207-9C850B684183}.Ad-Hoc|iPhone.Build.0 = Release|Any CPU
		{CB4162D6-E64D-4D3A-9207-9C850B684183}.Ad-Hoc|iPhoneSimulator.ActiveCfg = Release|Any CPU
		{CB4162D6-E64D-4D3A-9207-9C850B684183}.Ad-Hoc|iPhoneSimulator.Build.0 = Release|Any CPU
		{CB4162D6-E64D-4D3A-9207-9C850B684183}.Ad-Hoc|x86.ActiveCfg = Release|x86
		{CB4162D6-E64D-4D3A-9207-9C850B684183}.Ad-Hoc|x86.Build.0 = Release|x86
		{CB4162D6-E64D-4D3A-9207-9C850B684183}.AppStore|Any CPU.ActiveCfg = Release|Any CPU
		{CB4162D6-E64D-4D3A-9207-9C850B684183}.AppStore|Any CPU.Build.0 = Release|Any CPU
		{CB4162D6-E64D-4D3A-9207-9C850B684183}.AppStore|iPhone.ActiveCfg = Release|Any CPU
		{CB4162D6-E64D-4D3A-9207-9C850B684183}.AppStore|iPhone.Build.0 = Release|Any CPU
		{CB4162D6-E64D-4D3A-9207-9C850B684183}.AppStore|iPhoneSimulator.ActiveCfg = Release|Any CPU
		{CB4162D6-E64D-4D3A-9207-9C850B684183}.AppStore|iPhoneSimulator.Build.0 = Release|Any CPU
		{CB4162D6-E64D-4D3A-9207-9C850B684183}.AppStore|x86.ActiveCfg = Release|x86
		{CB4162D6-E64D-4D3A-9207-9C850B684183}.AppStore|x86.Build.0 = Release|x86
		{CB4162D6-E64D-4D3A-9207-9C850B684183}.Debug|Any CPU.ActiveCfg = Debug|Any CPU
		{CB4162D6-E64D-4D3A-9207-9C850B684183}.Debug|Any CPU.Build.0 = Debug|Any CPU
		{CB4162D6-E64D-4D3A-9207-9C850B684183}.Debug|iPhone.ActiveCfg = Debug|Any CPU
		{CB4162D6-E64D-4D3A-9207-9C850B684183}.Debug|iPhone.Build.0 = Debug|Any CPU
		{CB4162D6-E64D-4D3A-9207-9C850B684183}.Debug|iPhoneSimulator.ActiveCfg = Debug|Any CPU
		{CB4162D6-E64D-4D3A-9207-9C850B684183}.Debug|iPhoneSimulator.Build.0 = Debug|Any CPU
		{CB4162D6-E64D-4D3A-9207-9C850B684183}.Debug|x86.ActiveCfg = Debug|x86
		{CB4162D6-E64D-4D3A-9207-9C850B684183}.Debug|x86.Build.0 = Debug|x86
		{CB4162D6-E64D-4D3A-9207-9C850B684183}.Release|Any CPU.ActiveCfg = Release|Any CPU
		{CB4162D6-E64D-4D3A-9207-9C850B684183}.Release|Any CPU.Build.0 = Release|Any CPU
		{CB4162D6-E64D-4D3A-9207-9C850B684183}.Release|iPhone.ActiveCfg = Release|Any CPU
		{CB4162D6-E64D-4D3A-9207-9C850B684183}.Release|iPhone.Build.0 = Release|Any CPU
		{CB4162D6-E64D-4D3A-9207-9C850B684183}.Release|iPhoneSimulator.ActiveCfg = Release|Any CPU
		{CB4162D6-E64D-4D3A-9207-9C850B684183}.Release|iPhoneSimulator.Build.0 = Release|Any CPU
		{CB4162D6-E64D-4D3A-9207-9C850B684183}.Release|x86.ActiveCfg = Release|x86
		{CB4162D6-E64D-4D3A-9207-9C850B684183}.Release|x86.Build.0 = Release|x86
	EndGlobalSection
	GlobalSection(SolutionProperties) = preSolution
		HideSolutionNode = FALSE
	EndGlobalSection
	GlobalSection(ExtensibilityGlobals) = postSolution
		SolutionGuid = {BEB16BBF-5828-460A-BA7E-707B61F6D2C3}
	EndGlobalSection
EndGlobal
